
Microsoft Visual Studio Solution File, Format Version 12.00
# Visual Studio Version 17
VisualStudioVersion = 17.2.32630.192
MinimumVisualStudioVersion = 10.0.40219.1
Project("{FAE04EC0-301F-11D3-BF4B-00C04F79EFBC}") = "CDB", "CDB\CDB.csproj", "{065AA352-C8C2-499E-B684-422654E7EF01}"
EndProject
Global
	GlobalSection(SolutionConfigurationPlatforms) = preSolution
		Debug|Any CPU = Debug|Any CPU
		Release|Any CPU = Release|Any CPU
	EndGlobalSection
	GlobalSection(ProjectConfigurationPlatforms) = postSolution
		{065AA352-C8C2-499E-B684-422654E7EF01}.Debug|Any CPU.ActiveCfg = Debug|Any CPU
		{065AA352-C8C2-499E-B684-422654E7EF01}.Debug|Any CPU.Build.0 = Debug|Any CPU
		{065AA352-C8C2-499E-B684-422654E7EF01}.Release|Any CPU.ActiveCfg = Release|Any CPU
		{065AA352-C8C2-499E-B684-422654E7EF01}.Release|Any CPU.Build.0 = Release|Any CPU
	EndGlobalSection
	GlobalSection(SolutionProperties) = preSolution
		HideSolutionNode = FALSE
	EndGlobalSection
	GlobalSection(ExtensibilityGlobals) = postSolution
		SolutionGuid = {E0A8347C-3286-432E-8585-112A1566CCF3}
	EndGlobalSection
EndGlobal
